
Microsoft Visual Studio Solution File, Format Version 12.00
# Visual Studio 15
VisualStudioVersion = 15.0.27703.2047
MinimumVisualStudioVersion = 10.0.40219.1
Project("{FAE04EC0-301F-11D3-BF4B-00C04F79EFBC}") = "Sample01", "Sample01\Sample01.csproj", "{F9FCF25B-3470-4E8B-8B08-7B0CD145E8CC}"
EndProject
Project("{FAE04EC0-301F-11D3-BF4B-00C04F79EFBC}") = "Sample02", "Sample02\Sample02.csproj", "{0997C781-8EAE-4959-9B6F-7A592C69F6A6}"
EndProject
Project("{2150E333-8FDC-42A3-9474-1A3956D46DE8}") = "SQLStoredProcedures", "SQLStoredProcedures", "{0FA5C1E2-3BC1-4BF2-AB67-A3853B7F7314}"
	ProjectSection(SolutionItems) = preProject
		usp_Category_Delete.sql = usp_Category_Delete.sql
		usp_Category_Insert.sql = usp_Category_Insert.sql
		usp_Category_Select.sql = usp_Category_Select.sql
		usp_Category_Update.sql = usp_Category_Update.sql
		usp_Product_Delete.sql = usp_Product_Delete.sql
		usp_Product_Insert.sql = usp_Product_Insert.sql
		usp_Product_Select.sql = usp_Product_Select.sql
		usp_Product_Update.sql = usp_Product_Update.sql
	EndProjectSection
EndProject
Global
	GlobalSection(SolutionConfigurationPlatforms) = preSolution
		Debug|Any CPU = Debug|Any CPU
		Release|Any CPU = Release|Any CPU
	EndGlobalSection
	GlobalSection(ProjectConfigurationPlatforms) = postSolution
		{F9FCF25B-3470-4E8B-8B08-7B0CD145E8CC}.Debug|Any CPU.ActiveCfg = Debug|Any CPU
		{F9FCF25B-3470-4E8B-8B08-7B0CD145E8CC}.Debug|Any CPU.Build.0 = Debug|Any CPU
		{F9FCF25B-3470-4E8B-8B08-7B0CD145E8CC}.Release|Any CPU.ActiveCfg = Release|Any CPU
		{F9FCF25B-3470-4E8B-8B08-7B0CD145E8CC}.Release|Any CPU.Build.0 = Release|Any CPU
		{0997C781-8EAE-4959-9B6F-7A592C69F6A6}.Debug|Any CPU.ActiveCfg = Debug|Any CPU
		{0997C781-8EAE-4959-9B6F-7A592C69F6A6}.Debug|Any CPU.Build.0 = Debug|Any CPU
		{0997C781-8EAE-4959-9B6F-7A592C69F6A6}.Release|Any CPU.ActiveCfg = Release|Any CPU
		{0997C781-8EAE-4959-9B6F-7A592C69F6A6}.Release|Any CPU.Build.0 = Release|Any CPU
	EndGlobalSection
	GlobalSection(SolutionProperties) = preSolution
		HideSolutionNode = FALSE
	EndGlobalSection
	GlobalSection(ExtensibilityGlobals) = postSolution
		SolutionGuid = {E7556509-A6F9-4B9A-8CCC-E24844DF259F}
	EndGlobalSection
EndGlobal
